%{
  "binpp": {:hex, :binpp, "1.1.1", "a01060124841ed3a22ed98ddeafc10d14166d2991683d5ce907a3a410559c9ee", [:rebar3], [], "hexpm", "2ef9fb04a1c7a79644c84e8402e1dc5a7f2bf2b182c211329465f3f188e923fa"},
  "circuits_gpio": {:hex, :circuits_gpio, "0.4.5", "4d5b0f707c425fc56f03086232259f65482a3d1f1cf15335253636d0bb846446", [:make, :mix], [{:elixir_make, "~> 0.6", [hex: :elixir_make, repo: "hexpm", optional: false]}], "hexpm", "b42d28d60a6cfdfb6b21b66ab0b8c5de0ea5a32b390b61d2fe86a2ad8edb90ad"},
  "circuits_spi": {:hex, :circuits_spi, "0.1.5", "5f1901c77fb982217a956498ba0d9d0d47cc58ec47731020621b5c95eee296c0", [:make, :mix], [{:elixir_make, "~> 0.6", [hex: :elixir_make, repo: "hexpm", optional: false]}], "hexpm", "134e1ded8e0379e3314a507e80a304cf5ba54edf294e157b7e7ecedcdca30dfd"},
  "elixir_make": {:hex, :elixir_make, "0.6.0", "38349f3e29aff4864352084fc736fa7fa0f2995a819a737554f7ebd28b85aaab", [:mix], [], "hexpm", "d522695b93b7f0b4c0fcb2dfe73a6b905b1c301226a5a55cb42e5b14d509e050"},
}
